{"cliVersion":"0.20.0","productModuleName":"SimpleDistributedOrder","sourceFilePaths":[{"path":"\/Users\/alwialfiansyah\/Documents\/Projects\/temp\/temp\/Swift Exercises\/SimpleDistributedOrder\/SimpleDistributedOrder\/SimpleDistributedOrder\/ContentView.swift","hash":"287f37b38ef32e48c98782c58ca2d0b4a332061c"},{"path":"\/Users\/alwialfiansyah\/Documents\/Projects\/temp\/temp\/Swift Exercises\/SimpleDistributedOrder\/SimpleDistributedOrder\/SimpleDistributedOrder\/Home\/Model\/ProductItem.swift","hash":"0b794adb9ceb5fea09ae2aa2f01d2d6a6db32c4a"},{"path":"\/Users\/alwialfiansyah\/Documents\/Projects\/temp\/temp\/Swift Exercises\/SimpleDistributedOrder\/SimpleDistributedOrder\/SimpleDistributedOrder\/Home\/Model\/ProductsPackage.swift","hash":"5383deea54629c355e15457e8b99c45702b0e0f5"},{"path":"\/Users\/alwialfiansyah\/Documents\/Projects\/temp\/temp\/Swift Exercises\/SimpleDistributedOrder\/SimpleDistributedOrder\/SimpleDistributedOrder\/Home\/View\/ProductItemView.swift","hash":"814922451910d74bacac3e2a5a9edf2777c259a5"},{"path":"\/Users\/alwialfiansyah\/Documents\/Projects\/temp\/temp\/Swift Exercises\/SimpleDistributedOrder\/SimpleDistributedOrder\/SimpleDistributedOrder\/Home\/View\/ProductListView.swift","hash":"171ca3f22d40db918976cd114253d5ed2e9d3df3"},{"path":"\/Users\/alwialfiansyah\/Documents\/Projects\/temp\/temp\/Swift Exercises\/SimpleDistributedOrder\/SimpleDistributedOrder\/SimpleDistributedOrder\/Home\/View\/ProductPackageView.swift","hash":"2e7b9de5a65768ed8b8026adc5c9fa1d5aa32817"},{"path":"\/Users\/alwialfiansyah\/Documents\/Projects\/temp\/temp\/Swift Exercises\/SimpleDistributedOrder\/SimpleDistributedOrder\/SimpleDistributedOrder\/Home\/ViewModel\/ProductItemViewModel.swift","hash":"7c17396255bf04191109173795150840efb90861"},{"path":"\/Users\/alwialfiansyah\/Documents\/Projects\/temp\/temp\/Swift Exercises\/SimpleDistributedOrder\/SimpleDistributedOrder\/SimpleDistributedOrder\/Home\/ViewModel\/ProductListViewModel.swift","hash":"9af9b36bfdffa60e6bdc43cae08aa7279849ea2c"},{"path":"\/Users\/alwialfiansyah\/Documents\/Projects\/temp\/temp\/Swift Exercises\/SimpleDistributedOrder\/SimpleDistributedOrder\/SimpleDistributedOrder\/Home\/ViewModel\/ProductPackageViewModel.swift","hash":"60b9dced833b770b2957031a6abfab1a2ff47db2"},{"path":"\/Users\/alwialfiansyah\/Documents\/Projects\/temp\/temp\/Swift Exercises\/SimpleDistributedOrder\/SimpleDistributedOrder\/SimpleDistributedOrder\/Item.swift","hash":"54491c0bbee231e8af62f6b19966ad836a6a50ec"},{"path":"\/Users\/alwialfiansyah\/Documents\/Projects\/temp\/temp\/Swift Exercises\/SimpleDistributedOrder\/SimpleDistributedOrder\/SimpleDistributedOrder\/SimpleDistributedOrderApp.swift","hash":"4856029d1956ddf4e7cc153894b5fc70fdb7a7eb"},{"path":"\/Users\/alwialfiansyah\/Documents\/Projects\/temp\/temp\/Swift Exercises\/SimpleDistributedOrder\/SimpleDistributedOrder\/SimpleDistributedOrder\/Utils\/Extensions.swift","hash":"1c6270037bea679dd601aeaa4a5ffbf009ca60fd"},{"path":"\/Users\/alwialfiansyah\/Documents\/Projects\/temp\/temp\/Swift Exercises\/SimpleDistributedOrder\/SimpleDistributedOrder\/SimpleDistributedOrder\/Utils\/ProductSwiftDataService.swift","hash":"75a18677c898955ed7c6b74c1223e4d226710991"}],"configHash":"caf0d8283b40a0eb27d502a10ad8b11df7786727","dependencyPathsHash":"da39a3ee5e6b4b0d3255bfef95601890afd80709","targetPathsHash":"9de84a4bea09f9f57a08ac28c9625b9d68a11bc3","mockedTypesHash":null,"outputHash":"7b8b815d329c16c3b3e010242cd18f3c82d2060b","dependencies":[],"sourceRoot":"\/Users\/alwialfiansyah\/Documents\/Projects\/temp\/temp\/Swift Exercises\/SimpleDistributedOrder\/SimpleDistributedOrder","supportingFilePaths":[],"name":"SimpleDistributedOrder","projectHash":"8f30cfec2a930d90b5d4fc9020da4f7166911878"}