// !$*UTF8*$!
{
	archiveVersion = 1;
	classes = {
	};
	objectVersion = 56;
	objects = {

/* Begin PBXBuildFile section */
		C1341C9F2DA93E53004BA3DB /* SimpleDistributedOrderApp.swift in Sources */ = {isa = PBXBuildFile; fileRef = C1341C9E2DA93E53004BA3DB /* SimpleDistributedOrderApp.swift */; };
		C1341CA52DA93E56004BA3DB /* Assets.xcassets in Resources */ = {isa = PBXBuildFile; fileRef = C1341CA42DA93E56004BA3DB /* Assets.xcassets */; };
		C1341CA82DA93E56004BA3DB /* Preview Assets.xcassets in Resources */ = {isa = PBXBuildFile; fileRef = C1341CA72DA93E56004BA3DB /* Preview Assets.xcassets */; };
		C1341CB22DA93E56004BA3DB /* SimpleDistributedOrderTests.swift in Sources */ = {isa = PBXBuildFile; fileRef = C1341CB12DA93E56004BA3DB /* SimpleDistributedOrderTests.swift */; };
		C1341CCF2DA93F01004BA3DB /* ProductItem.swift in Sources */ = {isa = PBXBuildFile; fileRef = C1341CCE2DA93F01004BA3DB /* ProductItem.swift */; };
		C1341CD12DA940A5004BA3DB /* ProductItemView.swift in Sources */ = {isa = PBXBuildFile; fileRef = C1341CD02DA940A5004BA3DB /* ProductItemView.swift */; };
		C1341CD32DA94324004BA3DB /* ProductItemViewModel.swift in Sources */ = {isa = PBXBuildFile; fileRef = C1341CD22DA94324004BA3DB /* ProductItemViewModel.swift */; };
		C1341CD62DA95799004BA3DB /* Extensions.swift in Sources */ = {isa = PBXBuildFile; fileRef = C1341CD52DA95799004BA3DB /* Extensions.swift */; };
		C1341CD82DAAC85F004BA3DB /* ProductListView.swift in Sources */ = {isa = PBXBuildFile; fileRef = C1341CD72DAAC85F004BA3DB /* ProductListView.swift */; };
		C1341CDA2DAAC8B8004BA3DB /* ProductListViewModel.swift in Sources */ = {isa = PBXBuildFile; fileRef = C1341CD92DAAC8B8004BA3DB /* ProductListViewModel.swift */; };
		C1341CDC2DAAC95D004BA3DB /* ProductSwiftDataService.swift in Sources */ = {isa = PBXBuildFile; fileRef = C1341CDB2DAAC95D004BA3DB /* ProductSwiftDataService.swift */; };
		C1341CDF2DAADC11004BA3DB /* ProductItems.json in Resources */ = {isa = PBXBuildFile; fileRef = C1341CDE2DAADC11004BA3DB /* ProductItems.json */; };
		C1341CE12DAAF14A004BA3DB /* ProductsPackage.swift in Sources */ = {isa = PBXBuildFile; fileRef = C1341CE02DAAF14A004BA3DB /* ProductsPackage.swift */; };
		C1341CE32DAAF8B7004BA3DB /* ProductPackageView.swift in Sources */ = {isa = PBXBuildFile; fileRef = C1341CE22DAAF8B7004BA3DB /* ProductPackageView.swift */; };
		C1341CE52DAAFA86004BA3DB /* ProductPackageViewModel.swift in Sources */ = {isa = PBXBuildFile; fileRef = C1341CE42DAAFA86004BA3DB /* ProductPackageViewModel.swift */; };
		C1341CE82DAB86AF004BA3DB /* Nimble in Frameworks */ = {isa = PBXBuildFile; productRef = C1341CE72DAB86AF004BA3DB /* Nimble */; };
		C1341CEE2DAB888E004BA3DB /* Quick in Frameworks */ = {isa = PBXBuildFile; productRef = C1341CED2DAB888E004BA3DB /* Quick */; };
		C1341CF12DAB88B7004BA3DB /* Mockingbird in Frameworks */ = {isa = PBXBuildFile; productRef = C1341CF02DAB88B7004BA3DB /* Mockingbird */; };
		C1341CF42DAC3432004BA3DB /* SimpleDistributedOrderMocks.generated.swift in Sources */ = {isa = PBXBuildFile; fileRef = C1341CF32DAC3432004BA3DB /* SimpleDistributedOrderMocks.generated.swift */; };
		C1341CF82DAC34E4004BA3DB /* ProductItemViewModelTests.swift in Sources */ = {isa = PBXBuildFile; fileRef = C1341CF72DAC34E4004BA3DB /* ProductItemViewModelTests.swift */; };
		C1341CFA2DAC490B004BA3DB /* ProductPackageViewModelTests.swift in Sources */ = {isa = PBXBuildFile; fileRef = C1341CF92DAC490B004BA3DB /* ProductPackageViewModelTests.swift */; };
		C1341CFC2DAC4C79004BA3DB /* ProductListViewModelTests.swift in Sources */ = {isa = PBXBuildFile; fileRef = C1341CFB2DAC4C79004BA3DB /* ProductListViewModelTests.swift */; };
/* End PBXBuildFile section */

/* Begin PBXContainerItemProxy section */
		C1341CAE2DA93E56004BA3DB /* PBXContainerItemProxy */ = {
			isa = PBXContainerItemProxy;
			containerPortal = C1341C932DA93E53004BA3DB /* Project object */;
			proxyType = 1;
			remoteGlobalIDString = C1341C9A2DA93E53004BA3DB;
			remoteInfo = SimpleDistributedOrder;
		};
/* End PBXContainerItemProxy section */

/* Begin PBXFileReference section */
		C1341C9B2DA93E53004BA3DB /* SimpleDistributedOrder.app */ = {isa = PBXFileReference; explicitFileType = wrapper.application; includeInIndex = 0; path = SimpleDistributedOrder.app; sourceTree = BUILT_PRODUCTS_DIR; };
		C1341C9E2DA93E53004BA3DB /* SimpleDistributedOrderApp.swift */ = {isa = PBXFileReference; lastKnownFileType = sourcecode.swift; path = SimpleDistributedOrderApp.swift; sourceTree = "<group>"; };
		C1341CA42DA93E56004BA3DB /* Assets.xcassets */ = {isa = PBXFileReference; lastKnownFileType = folder.assetcatalog; path = Assets.xcassets; sourceTree = "<group>"; };
		C1341CA72DA93E56004BA3DB /* Preview Assets.xcassets */ = {isa = PBXFileReference; lastKnownFileType = folder.assetcatalog; path = "Preview Assets.xcassets"; sourceTree = "<group>"; };
		C1341CAD2DA93E56004BA3DB /* SimpleDistributedOrderTests.xctest */ = {isa = PBXFileReference; explicitFileType = wrapper.cfbundle; includeInIndex = 0; path = SimpleDistributedOrderTests.xctest; sourceTree = BUILT_PRODUCTS_DIR; };
		C1341CB12DA93E56004BA3DB /* SimpleDistributedOrderTests.swift */ = {isa = PBXFileReference; lastKnownFileType = sourcecode.swift; path = SimpleDistributedOrderTests.swift; sourceTree = "<group>"; };
		C1341CCE2DA93F01004BA3DB /* ProductItem.swift */ = {isa = PBXFileReference; lastKnownFileType = sourcecode.swift; path = ProductItem.swift; sourceTree = "<group>"; };
		C1341CD02DA940A5004BA3DB /* ProductItemView.swift */ = {isa = PBXFileReference; lastKnownFileType = sourcecode.swift; path = ProductItemView.swift; sourceTree = "<group>"; };
		C1341CD22DA94324004BA3DB /* ProductItemViewModel.swift */ = {isa = PBXFileReference; lastKnownFileType = sourcecode.swift; path = ProductItemViewModel.swift; sourceTree = "<group>"; };
		C1341CD52DA95799004BA3DB /* Extensions.swift */ = {isa = PBXFileReference; lastKnownFileType = sourcecode.swift; path = Extensions.swift; sourceTree = "<group>"; };
		C1341CD72DAAC85F004BA3DB /* ProductListView.swift */ = {isa = PBXFileReference; lastKnownFileType = sourcecode.swift; path = ProductListView.swift; sourceTree = "<group>"; };
		C1341CD92DAAC8B8004BA3DB /* ProductListViewModel.swift */ = {isa = PBXFileReference; lastKnownFileType = sourcecode.swift; path = ProductListViewModel.swift; sourceTree = "<group>"; };
		C1341CDB2DAAC95D004BA3DB /* ProductSwiftDataService.swift */ = {isa = PBXFileReference; lastKnownFileType = sourcecode.swift; path = ProductSwiftDataService.swift; sourceTree = "<group>"; };
		C1341CDE2DAADC11004BA3DB /* ProductItems.json */ = {isa = PBXFileReference; lastKnownFileType = text.json; path = ProductItems.json; sourceTree = "<group>"; };
		C1341CE02DAAF14A004BA3DB /* ProductsPackage.swift */ = {isa = PBXFileReference; lastKnownFileType = sourcecode.swift; path = ProductsPackage.swift; sourceTree = "<group>"; };
		C1341CE22DAAF8B7004BA3DB /* ProductPackageView.swift */ = {isa = PBXFileReference; lastKnownFileType = sourcecode.swift; path = ProductPackageView.swift; sourceTree = "<group>"; };
		C1341CE42DAAFA86004BA3DB /* ProductPackageViewModel.swift */ = {isa = PBXFileReference; lastKnownFileType = sourcecode.swift; path = ProductPackageViewModel.swift; sourceTree = "<group>"; };
		C1341CF32DAC3432004BA3DB /* SimpleDistributedOrderMocks.generated.swift */ = {isa = PBXFileReference; fileEncoding = 4; lastKnownFileType = sourcecode.swift; path = SimpleDistributedOrderMocks.generated.swift; sourceTree = "<group>"; };
		C1341CF72DAC34E4004BA3DB /* ProductItemViewModelTests.swift */ = {isa = PBXFileReference; lastKnownFileType = sourcecode.swift; path = ProductItemViewModelTests.swift; sourceTree = "<group>"; };
		C1341CF92DAC490B004BA3DB /* ProductPackageViewModelTests.swift */ = {isa = PBXFileReference; lastKnownFileType = sourcecode.swift; path = ProductPackageViewModelTests.swift; sourceTree = "<group>"; };
		C1341CFB2DAC4C79004BA3DB /* ProductListViewModelTests.swift */ = {isa = PBXFileReference; lastKnownFileType = sourcecode.swift; path = ProductListViewModelTests.swift; sourceTree = "<group>"; };
/* End PBXFileReference section */

/* Begin PBXFrameworksBuildPhase section */
		C1341C982DA93E53004BA3DB /* Frameworks */ = {
			isa = PBXFrameworksBuildPhase;
			buildActionMask = 2147483647;
			files = (
			);
			runOnlyForDeploymentPostprocessing = 0;
		};
		C1341CAA2DA93E56004BA3DB /* Frameworks */ = {
			isa = PBXFrameworksBuildPhase;
			buildActionMask = 2147483647;
			files = (
				C1341CEE2DAB888E004BA3DB /* Quick in Frameworks */,
				C1341CE82DAB86AF004BA3DB /* Nimble in Frameworks */,
				C1341CF12DAB88B7004BA3DB /* Mockingbird in Frameworks */,
			);
			runOnlyForDeploymentPostprocessing = 0;
		};
/* End PBXFrameworksBuildPhase section */

/* Begin PBXGroup section */
		C1341C922DA93E53004BA3DB = {
			isa = PBXGroup;
			children = (
				C1341C9D2DA93E53004BA3DB /* SimpleDistributedOrder */,
				C1341CB02DA93E56004BA3DB /* SimpleDistributedOrderTests */,
				C1341C9C2DA93E53004BA3DB /* Products */,
				C1341CEC2DAB888E004BA3DB /* Frameworks */,
			);
			sourceTree = "<group>";
		};
		C1341C9C2DA93E53004BA3DB /* Products */ = {
			isa = PBXGroup;
			children = (
				C1341C9B2DA93E53004BA3DB /* SimpleDistributedOrder.app */,
				C1341CAD2DA93E56004BA3DB /* SimpleDistributedOrderTests.xctest */,
			);
			name = Products;
			sourceTree = "<group>";
		};
		C1341C9D2DA93E53004BA3DB /* SimpleDistributedOrder */ = {
			isa = PBXGroup;
			children = (
				C1341CDD2DAADBF5004BA3DB /* Data */,
				C1341CD42DA9576B004BA3DB /* Utils */,
				C1341CCA2DA93E76004BA3DB /* Home */,
				C1341C9E2DA93E53004BA3DB /* SimpleDistributedOrderApp.swift */,
				C1341CA42DA93E56004BA3DB /* Assets.xcassets */,
				C1341CA62DA93E56004BA3DB /* Preview Content */,
			);
			path = SimpleDistributedOrder;
			sourceTree = "<group>";
		};
		C1341CA62DA93E56004BA3DB /* Preview Content */ = {
			isa = PBXGroup;
			children = (
				C1341CA72DA93E56004BA3DB /* Preview Assets.xcassets */,
			);
			path = "Preview Content";
			sourceTree = "<group>";
		};
		C1341CB02DA93E56004BA3DB /* SimpleDistributedOrderTests */ = {
			isa = PBXGroup;
			children = (
				C1341CF52DAC3460004BA3DB /* Home */,
				C1341CF22DAC3432004BA3DB /* MockingbirdMocks */,
				C1341CB12DA93E56004BA3DB /* SimpleDistributedOrderTests.swift */,
			);
			path = SimpleDistributedOrderTests;
			sourceTree = "<group>";
		};
		C1341CCA2DA93E76004BA3DB /* Home */ = {
			isa = PBXGroup;
			children = (
				C1341CCB2DA93E90004BA3DB /* Model */,
				C1341CCC2DA93E9B004BA3DB /* View */,
				C1341CCD2DA93EA5004BA3DB /* ViewModel */,
			);
			path = Home;
			sourceTree = "<group>";
		};
		C1341CCB2DA93E90004BA3DB /* Model */ = {
			isa = PBXGroup;
			children = (
				C1341CCE2DA93F01004BA3DB /* ProductItem.swift */,
				C1341CE02DAAF14A004BA3DB /* ProductsPackage.swift */,
			);
			path = Model;
			sourceTree = "<group>";
		};
		C1341CCC2DA93E9B004BA3DB /* View */ = {
			isa = PBXGroup;
			children = (
				C1341CD02DA940A5004BA3DB /* ProductItemView.swift */,
				C1341CD72DAAC85F004BA3DB /* ProductListView.swift */,
				C1341CE22DAAF8B7004BA3DB /* ProductPackageView.swift */,
			);
			path = View;
			sourceTree = "<group>";
		};
		C1341CCD2DA93EA5004BA3DB /* ViewModel */ = {
			isa = PBXGroup;
			children = (
				C1341CD22DA94324004BA3DB /* ProductItemViewModel.swift */,
				C1341CD92DAAC8B8004BA3DB /* ProductListViewModel.swift */,
				C1341CE42DAAFA86004BA3DB /* ProductPackageViewModel.swift */,
			);
			path = ViewModel;
			sourceTree = "<group>";
		};
		C1341CD42DA9576B004BA3DB /* Utils */ = {
			isa = PBXGroup;
			children = (
				C1341CD52DA95799004BA3DB /* Extensions.swift */,
				C1341CDB2DAAC95D004BA3DB /* ProductSwiftDataService.swift */,
			);
			path = Utils;
			sourceTree = "<group>";
		};
		C1341CDD2DAADBF5004BA3DB /* Data */ = {
			isa = PBXGroup;
			children = (
				C1341CFD2DAD28B0004BA3DB /* Local */,
			);
			path = Data;
			sourceTree = "<group>";
		};
		C1341CEC2DAB888E004BA3DB /* Frameworks */ = {
			isa = PBXGroup;
			children = (
			);
			name = Frameworks;
			sourceTree = "<group>";
		};
		C1341CF22DAC3432004BA3DB /* MockingbirdMocks */ = {
			isa = PBXGroup;
			children = (
				C1341CF32DAC3432004BA3DB /* SimpleDistributedOrderMocks.generated.swift */,
			);
			path = MockingbirdMocks;
			sourceTree = "<group>";
		};
		C1341CF52DAC3460004BA3DB /* Home */ = {
			isa = PBXGroup;
			children = (
				C1341CF62DAC3470004BA3DB /* ViewModel */,
			);
			path = Home;
			sourceTree = "<group>";
		};
		C1341CF62DAC3470004BA3DB /* ViewModel */ = {
			isa = PBXGroup;
			children = (
				C1341CF72DAC34E4004BA3DB /* ProductItemViewModelTests.swift */,
				C1341CF92DAC490B004BA3DB /* ProductPackageViewModelTests.swift */,
				C1341CFB2DAC4C79004BA3DB /* ProductListViewModelTests.swift */,
			);
			path = ViewModel;
			sourceTree = "<group>";
		};
		C1341CFD2DAD28B0004BA3DB /* Local */ = {
			isa = PBXGroup;
			children = (
				C1341CDE2DAADC11004BA3DB /* ProductItems.json */,
			);
			path = Local;
			sourceTree = "<group>";
		};
/* End PBXGroup section */

/* Begin PBXNativeTarget section */
		C1341C9A2DA93E53004BA3DB /* SimpleDistributedOrder */ = {
			isa = PBXNativeTarget;
			buildConfigurationList = C1341CC12DA93E56004BA3DB /* Build configuration list for PBXNativeTarget "SimpleDistributedOrder" */;
			buildPhases = (
				C1341C972DA93E53004BA3DB /* Sources */,
				C1341C982DA93E53004BA3DB /* Frameworks */,
				C1341C992DA93E53004BA3DB /* Resources */,
			);
			buildRules = (
			);
			dependencies = (
			);
			name = SimpleDistributedOrder;
			productName = SimpleDistributedOrder;
			productReference = C1341C9B2DA93E53004BA3DB /* SimpleDistributedOrder.app */;
			productType = "com.apple.product-type.application";
		};
		C1341CAC2DA93E56004BA3DB /* SimpleDistributedOrderTests */ = {
			isa = PBXNativeTarget;
			buildConfigurationList = C1341CC42DA93E56004BA3DB /* Build configuration list for PBXNativeTarget "SimpleDistributedOrderTests" */;
			buildPhases = (
				C1341CA92DA93E56004BA3DB /* Sources */,
				C1341CAA2DA93E56004BA3DB /* Frameworks */,
				C1341CAB2DA93E56004BA3DB /* Resources */,
			);
			buildRules = (
			);
			dependencies = (
				C1341CAF2DA93E56004BA3DB /* PBXTargetDependency */,
			);
			name = SimpleDistributedOrderTests;
			packageProductDependencies = (
				C1341CE72DAB86AF004BA3DB /* Nimble */,
				C1341CED2DAB888E004BA3DB /* Quick */,
				C1341CF02DAB88B7004BA3DB /* Mockingbird */,
			);
			productName = SimpleDistributedOrderTests;
			productReference = C1341CAD2DA93E56004BA3DB /* SimpleDistributedOrderTests.xctest */;
			productType = "com.apple.product-type.bundle.unit-test";
		};
/* End PBXNativeTarget section */

/* Begin PBXProject section */
		C1341C932DA93E53004BA3DB /* Project object */ = {
			isa = PBXProject;
			attributes = {
				BuildIndependentTargetsInParallel = 1;
				LastSwiftUpdateCheck = 1510;
				LastUpgradeCheck = 1510;
				TargetAttributes = {
					C1341C9A2DA93E53004BA3DB = {
						CreatedOnToolsVersion = 15.1;
					};
					C1341CAC2DA93E56004BA3DB = {
						CreatedOnToolsVersion = 15.1;
						TestTargetID = C1341C9A2DA93E53004BA3DB;
					};
				};
			};
			buildConfigurationList = C1341C962DA93E53004BA3DB /* Build configuration list for PBXProject "SimpleDistributedOrder" */;
			compatibilityVersion = "Xcode 14.0";
			developmentRegion = en;
			hasScannedForEncodings = 0;
			knownRegions = (
				en,
				Base,
			);
			mainGroup = C1341C922DA93E53004BA3DB;
			packageReferences = (
				C1341CE62DAB86AF004BA3DB /* XCRemoteSwiftPackageReference "Nimble" */,
				C1341CE92DAB8711004BA3DB /* XCRemoteSwiftPackageReference "Quick" */,
				C1341CEF2DAB88B7004BA3DB /* XCRemoteSwiftPackageReference "mockingbird" */,
			);
			productRefGroup = C1341C9C2DA93E53004BA3DB /* Products */;
			projectDirPath = "";
			projectRoot = "";
			targets = (
				C1341C9A2DA93E53004BA3DB /* SimpleDistributedOrder */,
				C1341CAC2DA93E56004BA3DB /* SimpleDistributedOrderTests */,
			);
		};
/* End PBXProject section */

/* Begin PBXResourcesBuildPhase section */
		C1341C992DA93E53004BA3DB /* Resources */ = {
			isa = PBXResourcesBuildPhase;
			buildActionMask = 2147483647;
			files = (
				C1341CDF2DAADC11004BA3DB /* ProductItems.json in Resources */,
				C1341CA82DA93E56004BA3DB /* Preview Assets.xcassets in Resources */,
				C1341CA52DA93E56004BA3DB /* Assets.xcassets in Resources */,
			);
			runOnlyForDeploymentPostprocessing = 0;
		};
		C1341CAB2DA93E56004BA3DB /* Resources */ = {
			isa = PBXResourcesBuildPhase;
			buildActionMask = 2147483647;
			files = (
			);
			runOnlyForDeploymentPostprocessing = 0;
		};
/* End PBXResourcesBuildPhase section */

/* Begin PBXSourcesBuildPhase section */
		C1341C972DA93E53004BA3DB /* Sources */ = {
			isa = PBXSourcesBuildPhase;
			buildActionMask = 2147483647;
			files = (
				C1341CD82DAAC85F004BA3DB /* ProductListView.swift in Sources */,
				C1341CD12DA940A5004BA3DB /* ProductItemView.swift in Sources */,
				C1341CCF2DA93F01004BA3DB /* ProductItem.swift in Sources */,
				C1341CE12DAAF14A004BA3DB /* ProductsPackage.swift in Sources */,
				C1341CDA2DAAC8B8004BA3DB /* ProductListViewModel.swift in Sources */,
				C1341CE32DAAF8B7004BA3DB /* ProductPackageView.swift in Sources */,
				C1341C9F2DA93E53004BA3DB /* SimpleDistributedOrderApp.swift in Sources */,
				C1341CD32DA94324004BA3DB /* ProductItemViewModel.swift in Sources */,
				C1341CE52DAAFA86004BA3DB /* ProductPackageViewModel.swift in Sources */,
				C1341CD62DA95799004BA3DB /* Extensions.swift in Sources */,
				C1341CDC2DAAC95D004BA3DB /* ProductSwiftDataService.swift in Sources */,
			);
			runOnlyForDeploymentPostprocessing = 0;
		};
		C1341CA92DA93E56004BA3DB /* Sources */ = {
			isa = PBXSourcesBuildPhase;
			buildActionMask = 2147483647;
			files = (
				C1341CB22DA93E56004BA3DB /* SimpleDistributedOrderTests.swift in Sources */,
				C1341CFA2DAC490B004BA3DB /* ProductPackageViewModelTests.swift in Sources */,
				C1341CF42DAC3432004BA3DB /* SimpleDistributedOrderMocks.generated.swift in Sources */,
				C1341CF82DAC34E4004BA3DB /* ProductItemViewModelTests.swift in Sources */,
				C1341CFC2DAC4C79004BA3DB /* ProductListViewModelTests.swift in Sources */,
			);
			runOnlyForDeploymentPostprocessing = 0;
		};
/* End PBXSourcesBuildPhase section */

/* Begin PBXTargetDependency section */
		C1341CAF2DA93E56004BA3DB /* PBXTargetDependency */ = {
			isa = PBXTargetDependency;
			target = C1341C9A2DA93E53004BA3DB /* SimpleDistributedOrder */;
			targetProxy = C1341CAE2DA93E56004BA3DB /* PBXContainerItemProxy */;
		};
/* End PBXTargetDependency section */

/* Begin XCBuildConfiguration section */
		C1341CBF2DA93E56004BA3DB /* Debug */ = {
			isa = XCBuildConfiguration;
			buildSettings = {
				ALWAYS_SEARCH_USER_PATHS = NO;
				ASSETCATALOG_COMPILER_GENERATE_SWIFT_ASSET_SYMBOL_EXTENSIONS = YES;
				CLANG_ANALYZER_NONNULL = YES;
				CLANG_ANALYZER_NUMBER_OBJECT_CONVERSION = YES_AGGRESSIVE;
				CLANG_CXX_LANGUAGE_STANDARD = "gnu++20";
				CLANG_ENABLE_MODULES = YES;
				CLANG_ENABLE_OBJC_ARC = YES;
				CLANG_ENABLE_OBJC_WEAK = YES;
				CLANG_WARN_BLOCK_CAPTURE_AUTORELEASING = YES;
				CLANG_WARN_BOOL_CONVERSION = YES;
				CLANG_WARN_COMMA = YES;
				CLANG_WARN_CONSTANT_CONVERSION = YES;
				CLANG_WARN_DEPRECATED_OBJC_IMPLEMENTATIONS = YES;
				CLANG_WARN_DIRECT_OBJC_ISA_USAGE = YES_ERROR;
				CLANG_WARN_DOCUMENTATION_COMMENTS = YES;
				CLANG_WARN_EMPTY_BODY = YES;
				CLANG_WARN_ENUM_CONVERSION = YES;
				CLANG_WARN_INFINITE_RECURSION = YES;
				CLANG_WARN_INT_CONVERSION = YES;
				CLANG_WARN_NON_LITERAL_NULL_CONVERSION = YES;
				CLANG_WARN_OBJC_IMPLICIT_RETAIN_SELF = YES;
				CLANG_WARN_OBJC_LITERAL_CONVERSION = YES;
				CLANG_WARN_OBJC_ROOT_CLASS = YES_ERROR;
				CLANG_WARN_QUOTED_INCLUDE_IN_FRAMEWORK_HEADER = YES;
				CLANG_WARN_RANGE_LOOP_ANALYSIS = YES;
				CLANG_WARN_STRICT_PROTOTYPES = YES;
				CLANG_WARN_SUSPICIOUS_MOVE = YES;
				CLANG_WARN_UNGUARDED_AVAILABILITY = YES_AGGRESSIVE;
				CLANG_WARN_UNREACHABLE_CODE = YES;
				CLANG_WARN__DUPLICATE_METHOD_MATCH = YES;
				COPY_PHASE_STRIP = NO;
				DEBUG_INFORMATION_FORMAT = dwarf;
				ENABLE_STRICT_OBJC_MSGSEND = YES;
				ENABLE_TESTABILITY = YES;
				ENABLE_USER_SCRIPT_SANDBOXING = YES;
				GCC_C_LANGUAGE_STANDARD = gnu17;
				GCC_DYNAMIC_NO_PIC = NO;
				GCC_NO_COMMON_BLOCKS = YES;
				GCC_OPTIMIZATION_LEVEL = 0;
				GCC_PREPROCESSOR_DEFINITIONS = (
					"DEBUG=1",
					"$(inherited)",
				);
				GCC_WARN_64_TO_32_BIT_CONVERSION = YES;
				GCC_WARN_ABOUT_RETURN_TYPE = YES_ERROR;
				GCC_WARN_UNDECLARED_SELECTOR = YES;
				GCC_WARN_UNINITIALIZED_AUTOS = YES_AGGRESSIVE;
				GCC_WARN_UNUSED_FUNCTION = YES;
				GCC_WARN_UNUSED_VARIABLE = YES;
				IPHONEOS_DEPLOYMENT_TARGET = 17.2;
				LOCALIZATION_PREFERS_STRING_CATALOGS = YES;
				MTL_ENABLE_DEBUG_INFO = INCLUDE_SOURCE;
				MTL_FAST_MATH = YES;
				ONLY_ACTIVE_ARCH = YES;
				SDKROOT = iphoneos;
				SWIFT_ACTIVE_COMPILATION_CONDITIONS = "DEBUG $(inherited)";
				SWIFT_OPTIMIZATION_LEVEL = "-Onone";
			};
			name = Debug;
		};
		C1341CC02DA93E56004BA3DB /* Release */ = {
			isa = XCBuildConfiguration;
			buildSettings = {
				ALWAYS_SEARCH_USER_PATHS = NO;
				ASSETCATALOG_COMPILER_GENERATE_SWIFT_ASSET_SYMBOL_EXTENSIONS = YES;
				CLANG_ANALYZER_NONNULL = YES;
				CLANG_ANALYZER_NUMBER_OBJECT_CONVERSION = YES_AGGRESSIVE;
				CLANG_CXX_LANGUAGE_STANDARD = "gnu++20";
				CLANG_ENABLE_MODULES = YES;
				CLANG_ENABLE_OBJC_ARC = YES;
				CLANG_ENABLE_OBJC_WEAK = YES;
				CLANG_WARN_BLOCK_CAPTURE_AUTORELEASING = YES;
				CLANG_WARN_BOOL_CONVERSION = YES;
				CLANG_WARN_COMMA = YES;
				CLANG_WARN_CONSTANT_CONVERSION = YES;
				CLANG_WARN_DEPRECATED_OBJC_IMPLEMENTATIONS = YES;
				CLANG_WARN_DIRECT_OBJC_ISA_USAGE = YES_ERROR;
				CLANG_WARN_DOCUMENTATION_COMMENTS = YES;
				CLANG_WARN_EMPTY_BODY = YES;
				CLANG_WARN_ENUM_CONVERSION = YES;
				CLANG_WARN_INFINITE_RECURSION = YES;
				CLANG_WARN_INT_CONVERSION = YES;
				CLANG_WARN_NON_LITERAL_NULL_CONVERSION = YES;
				CLANG_WARN_OBJC_IMPLICIT_RETAIN_SELF = YES;
				CLANG_WARN_OBJC_LITERAL_CONVERSION = YES;
				CLANG_WARN_OBJC_ROOT_CLASS = YES_ERROR;
				CLANG_WARN_QUOTED_INCLUDE_IN_FRAMEWORK_HEADER = YES;
				CLANG_WARN_RANGE_LOOP_ANALYSIS = YES;
				CLANG_WARN_STRICT_PROTOTYPES = YES;
				CLANG_WARN_SUSPICIOUS_MOVE = YES;
				CLANG_WARN_UNGUARDED_AVAILABILITY = YES_AGGRESSIVE;
				CLANG_WARN_UNREACHABLE_CODE = YES;
				CLANG_WARN__DUPLICATE_METHOD_MATCH = YES;
				COPY_PHASE_STRIP = NO;
				DEBUG_INFORMATION_FORMAT = "dwarf-with-dsym";
				ENABLE_NS_ASSERTIONS = NO;
				ENABLE_STRICT_OBJC_MSGSEND = YES;
				ENABLE_USER_SCRIPT_SANDBOXING = YES;
				GCC_C_LANGUAGE_STANDARD = gnu17;
				GCC_NO_COMMON_BLOCKS = YES;
				GCC_WARN_64_TO_32_BIT_CONVERSION = YES;
				GCC_WARN_ABOUT_RETURN_TYPE = YES_ERROR;
				GCC_WARN_UNDECLARED_SELECTOR = YES;
				GCC_WARN_UNINITIALIZED_AUTOS = YES_AGGRESSIVE;
				GCC_WARN_UNUSED_FUNCTION = YES;
				GCC_WARN_UNUSED_VARIABLE = YES;
				IPHONEOS_DEPLOYMENT_TARGET = 17.2;
				LOCALIZATION_PREFERS_STRING_CATALOGS = YES;
				MTL_ENABLE_DEBUG_INFO = NO;
				MTL_FAST_MATH = YES;
				SDKROOT = iphoneos;
				SWIFT_COMPILATION_MODE = wholemodule;
				VALIDATE_PRODUCT = YES;
			};
			name = Release;
		};
		C1341CC22DA93E56004BA3DB /* Debug */ = {
			isa = XCBuildConfiguration;
			buildSettings = {
				ASSETCATALOG_COMPILER_APPICON_NAME = AppIcon;
				ASSETCATALOG_COMPILER_GLOBAL_ACCENT_COLOR_NAME = AccentColor;
				CODE_SIGN_STYLE = Automatic;
				CURRENT_PROJECT_VERSION = 1;
				DEVELOPMENT_ASSET_PATHS = "\"SimpleDistributedOrder/Preview Content\"";
				ENABLE_PREVIEWS = YES;
				GENERATE_INFOPLIST_FILE = YES;
				INFOPLIST_KEY_UIApplicationSceneManifest_Generation = YES;
				INFOPLIST_KEY_UIApplicationSupportsIndirectInputEvents = YES;
				INFOPLIST_KEY_UILaunchScreen_Generation = YES;
				INFOPLIST_KEY_UISupportedInterfaceOrientations_iPad = "UIInterfaceOrientationPortrait UIInterfaceOrientationPortraitUpsideDown UIInterfaceOrientationLandscapeLeft UIInterfaceOrientationLandscapeRight";
				INFOPLIST_KEY_UISupportedInterfaceOrientations_iPhone = "UIInterfaceOrientationPortrait UIInterfaceOrientationLandscapeLeft UIInterfaceOrientationLandscapeRight";
				LD_RUNPATH_SEARCH_PATHS = (
					"$(inherited)",
					"@executable_path/Frameworks",
				);
				MARKETING_VERSION = 1.0;
				PRODUCT_BUNDLE_IDENTIFIER = com.example.alwi.SimpleDistributedOrder;
				PRODUCT_NAME = "$(TARGET_NAME)";
				SWIFT_EMIT_LOC_STRINGS = YES;
				SWIFT_VERSION = 5.0;
				TARGETED_DEVICE_FAMILY = "1,2";
			};
			name = Debug;
		};
		C1341CC32DA93E56004BA3DB /* Release */ = {
			isa = XCBuildConfiguration;
			buildSettings = {
				ASSETCATALOG_COMPILER_APPICON_NAME = AppIcon;
				ASSETCATALOG_COMPILER_GLOBAL_ACCENT_COLOR_NAME = AccentColor;
				CODE_SIGN_STYLE = Automatic;
				CURRENT_PROJECT_VERSION = 1;
				DEVELOPMENT_ASSET_PATHS = "\"SimpleDistributedOrder/Preview Content\"";
				ENABLE_PREVIEWS = YES;
				GENERATE_INFOPLIST_FILE = YES;
				INFOPLIST_KEY_UIApplicationSceneManifest_Generation = YES;
				INFOPLIST_KEY_UIApplicationSupportsIndirectInputEvents = YES;
				INFOPLIST_KEY_UILaunchScreen_Generation = YES;
				INFOPLIST_KEY_UISupportedInterfaceOrientations_iPad = "UIInterfaceOrientationPortrait UIInterfaceOrientationPortraitUpsideDown UIInterfaceOrientationLandscapeLeft UIInterfaceOrientationLandscapeRight";
				INFOPLIST_KEY_UISupportedInterfaceOrientations_iPhone = "UIInterfaceOrientationPortrait UIInterfaceOrientationLandscapeLeft UIInterfaceOrientationLandscapeRight";
				LD_RUNPATH_SEARCH_PATHS = (
					"$(inherited)",
					"@executable_path/Frameworks",
				);
				MARKETING_VERSION = 1.0;
				PRODUCT_BUNDLE_IDENTIFIER = com.example.alwi.SimpleDistributedOrder;
				PRODUCT_NAME = "$(TARGET_NAME)";
				SWIFT_EMIT_LOC_STRINGS = YES;
				SWIFT_VERSION = 5.0;
				TARGETED_DEVICE_FAMILY = "1,2";
			};
			name = Release;
		};
		C1341CC52DA93E56004BA3DB /* Debug */ = {
			isa = XCBuildConfiguration;
			buildSettings = {
				ALWAYS_EMBED_SWIFT_STANDARD_LIBRARIES = YES;
				BUNDLE_LOADER = "$(TEST_HOST)";
				CODE_SIGN_STYLE = Automatic;
				CURRENT_PROJECT_VERSION = 1;
				GENERATE_INFOPLIST_FILE = YES;
				IPHONEOS_DEPLOYMENT_TARGET = 17.2;
				MARKETING_VERSION = 1.0;
				PRODUCT_BUNDLE_IDENTIFIER = com.example.alwi.SimpleDistributedOrderTests;
				PRODUCT_NAME = "$(TARGET_NAME)";
				SWIFT_EMIT_LOC_STRINGS = NO;
				SWIFT_VERSION = 5.0;
				TARGETED_DEVICE_FAMILY = "1,2";
				TEST_HOST = "$(BUILT_PRODUCTS_DIR)/SimpleDistributedOrder.app/$(BUNDLE_EXECUTABLE_FOLDER_PATH)/SimpleDistributedOrder";
			};
			name = Debug;
		};
		C1341CC62DA93E56004BA3DB /* Release */ = {
			isa = XCBuildConfiguration;
			buildSettings = {
				ALWAYS_EMBED_SWIFT_STANDARD_LIBRARIES = YES;
				BUNDLE_LOADER = "$(TEST_HOST)";
				CODE_SIGN_STYLE = Automatic;
				CURRENT_PROJECT_VERSION = 1;
				GENERATE_INFOPLIST_FILE = YES;
				IPHONEOS_DEPLOYMENT_TARGET = 17.2;
				MARKETING_VERSION = 1.0;
				PRODUCT_BUNDLE_IDENTIFIER = com.example.alwi.SimpleDistributedOrderTests;
				PRODUCT_NAME = "$(TARGET_NAME)";
				SWIFT_EMIT_LOC_STRINGS = NO;
				SWIFT_VERSION = 5.0;
				TARGETED_DEVICE_FAMILY = "1,2";
				TEST_HOST = "$(BUILT_PRODUCTS_DIR)/SimpleDistributedOrder.app/$(BUNDLE_EXECUTABLE_FOLDER_PATH)/SimpleDistributedOrder";
			};
			name = Release;
		};
/* End XCBuildConfiguration section */

/* Begin XCConfigurationList section */
		C1341C962DA93E53004BA3DB /* Build configuration list for PBXProject "SimpleDistributedOrder" */ = {
			isa = XCConfigurationList;
			buildConfigurations = (
				C1341CBF2DA93E56004BA3DB /* Debug */,
				C1341CC02DA93E56004BA3DB /* Release */,
			);
			defaultConfigurationIsVisible = 0;
			defaultConfigurationName = Release;
		};
		C1341CC12DA93E56004BA3DB /* Build configuration list for PBXNativeTarget "SimpleDistributedOrder" */ = {
			isa = XCConfigurationList;
			buildConfigurations = (
				C1341CC22DA93E56004BA3DB /* Debug */,
				C1341CC32DA93E56004BA3DB /* Release */,
			);
			defaultConfigurationIsVisible = 0;
			defaultConfigurationName = Release;
		};
		C1341CC42DA93E56004BA3DB /* Build configuration list for PBXNativeTarget "SimpleDistributedOrderTests" */ = {
			isa = XCConfigurationList;
			buildConfigurations = (
				C1341CC52DA93E56004BA3DB /* Debug */,
				C1341CC62DA93E56004BA3DB /* Release */,
			);
			defaultConfigurationIsVisible = 0;
			defaultConfigurationName = Release;
		};
/* End XCConfigurationList section */

/* Begin XCRemoteSwiftPackageReference section */
		C1341CE62DAB86AF004BA3DB /* XCRemoteSwiftPackageReference "Nimble" */ = {
			isa = XCRemoteSwiftPackageReference;
			repositoryURL = "https://github.com/Quick/Nimble.git";
			requirement = {
				kind = exactVersion;
				version = 12.0.0;
			};
		};
		C1341CE92DAB8711004BA3DB /* XCRemoteSwiftPackageReference "Quick" */ = {
			isa = XCRemoteSwiftPackageReference;
			repositoryURL = "https://github.com/Quick/Quick.git";
			requirement = {
				kind = exactVersion;
				version = 7.0.0;
			};
		};
		C1341CEF2DAB88B7004BA3DB /* XCRemoteSwiftPackageReference "mockingbird" */ = {
			isa = XCRemoteSwiftPackageReference;
			repositoryURL = "https://github.com/birdrides/mockingbird.git";
			requirement = {
				kind = upToNextMinorVersion;
				minimumVersion = 0.20.0;
			};
		};
/* End XCRemoteSwiftPackageReference section */

/* Begin XCSwiftPackageProductDependency section */
		C1341CE72DAB86AF004BA3DB /* Nimble */ = {
			isa = XCSwiftPackageProductDependency;
			package = C1341CE62DAB86AF004BA3DB /* XCRemoteSwiftPackageReference "Nimble" */;
			productName = Nimble;
		};
		C1341CED2DAB888E004BA3DB /* Quick */ = {
			isa = XCSwiftPackageProductDependency;
			package = C1341CE92DAB8711004BA3DB /* XCRemoteSwiftPackageReference "Quick" */;
			productName = Quick;
		};
		C1341CF02DAB88B7004BA3DB /* Mockingbird */ = {
			isa = XCSwiftPackageProductDependency;
			package = C1341CEF2DAB88B7004BA3DB /* XCRemoteSwiftPackageReference "mockingbird" */;
			productName = Mockingbird;
		};
/* End XCSwiftPackageProductDependency section */
	};
	rootObject = C1341C932DA93E53004BA3DB /* Project object */;
}
